// !$*UTF8*$!
{
	archiveVersion = 1;
	classes = {
	};
	objectVersion = 46;
	objects = {

/* Begin PBXAggregateTarget section */
		065793D515233DB000D6762A /* MUKToolkitDocumentation */ = {
			isa = PBXAggregateTarget;
			buildConfigurationList = 065793D815233DB000D6762A /* Build configuration list for PBXAggregateTarget "MUKToolkitDocumentation" */;
			buildPhases = (
				065793DD15233DC100D6762A /* ShellScript */,
			);
			dependencies = (
			);
			name = MUKToolkitDocumentation;
			productName = MUKToolkitDocumentation;
		};
/* End PBXAggregateTarget section */

/* Begin PBXBuildFile section */
		0610AC971525D9DA00705663 /* MUK+URL.h in Headers */ = {isa = PBXBuildFile; fileRef = 0610AC951525D9DA00705663 /* MUK+URL.h */; settings = {ATTRIBUTES = (Public, ); }; };
		0610AC981525D9DA00705663 /* MUK+URL.m in Sources */ = {isa = PBXBuildFile; fileRef = 0610AC961525D9DA00705663 /* MUK+URL.m */; };
		0610AD0915261C9D00705663 /* CoreGraphics.framework in Frameworks */ = {isa = PBXBuildFile; fileRef = 0610AD0715261C9D00705663 /* CoreGraphics.framework */; };
		0610AD0A15261C9D00705663 /* UIKit.framework in Frameworks */ = {isa = PBXBuildFile; fileRef = 0610AD0815261C9D00705663 /* UIKit.framework */; };
		0610AD0C15261CA700705663 /* CoreGraphics.framework in Frameworks */ = {isa = PBXBuildFile; fileRef = 0610AD0715261C9D00705663 /* CoreGraphics.framework */; };
		0610AD5C1526274500705663 /* MUK+Geometry.h in Headers */ = {isa = PBXBuildFile; fileRef = 0610AD5A1526274500705663 /* MUK+Geometry.h */; settings = {ATTRIBUTES = (Public, ); }; };
		0610AD5D1526274500705663 /* MUK+Geometry.m in Sources */ = {isa = PBXBuildFile; fileRef = 0610AD5B1526274500705663 /* MUK+Geometry.m */; };
		0610AD621526277200705663 /* MUKToolkitGeometryTests.m in Sources */ = {isa = PBXBuildFile; fileRef = 0610AD611526277200705663 /* MUKToolkitGeometryTests.m */; };
		0610ADAE15263CEB00705663 /* MUK+Object.h in Headers */ = {isa = PBXBuildFile; fileRef = 0610ADAC15263CEB00705663 /* MUK+Object.h */; settings = {ATTRIBUTES = (Public, ); }; };
		0610ADAF15263CEB00705663 /* MUK+Object.m in Sources */ = {isa = PBXBuildFile; fileRef = 0610ADAD15263CEB00705663 /* MUK+Object.m */; };
		0610AE381526FC5E00705663 /* arrow.png in Resources */ = {isa = PBXBuildFile; fileRef = 0610AE361526FC5E00705663 /* arrow.png */; };
		0610AE391526FC5E00705663 /* arrow@2x.png in Resources */ = {isa = PBXBuildFile; fileRef = 0610AE371526FC5E00705663 /* arrow@2x.png */; };
		0610AE3C1526FC7600705663 /* MUKToolkitURLTests.m in Sources */ = {isa = PBXBuildFile; fileRef = 0610AE3B1526FC7600705663 /* MUKToolkitURLTests.m */; };
		0610AE3E1526FE5C00705663 /* arrows.png in Resources */ = {isa = PBXBuildFile; fileRef = 0610AE3D1526FE5C00705663 /* arrows.png */; };
		06239FD715B7EADC0073C746 /* MUK+Color.h in Headers */ = {isa = PBXBuildFile; fileRef = 06239FD515B7EADC0073C746 /* MUK+Color.h */; settings = {ATTRIBUTES = (Public, ); }; };
		06239FD815B7EADC0073C746 /* MUK+Color.m in Sources */ = {isa = PBXBuildFile; fileRef = 06239FD615B7EADC0073C746 /* MUK+Color.m */; };
		06239FDC15B7F4390073C746 /* MUKToolkitColorTests.m in Sources */ = {isa = PBXBuildFile; fileRef = 06239FDB15B7F4390073C746 /* MUKToolkitColorTests.m */; };
		0657938B1523337F00D6762A /* Foundation.framework in Frameworks */ = {isa = PBXBuildFile; fileRef = 0657938A1523337F00D6762A /* Foundation.framework */; };
		065793991523337F00D6762A /* SenTestingKit.framework in Frameworks */ = {isa = PBXBuildFile; fileRef = 065793981523337F00D6762A /* SenTestingKit.framework */; };
		0657939B1523337F00D6762A /* UIKit.framework in Frameworks */ = {isa = PBXBuildFile; fileRef = 0657939A1523337F00D6762A /* UIKit.framework */; };
		0657939C1523338000D6762A /* Foundation.framework in Frameworks */ = {isa = PBXBuildFile; fileRef = 0657938A1523337F00D6762A /* Foundation.framework */; };
		0657939F1523338000D6762A /* libMUKToolkit.a in Frameworks */ = {isa = PBXBuildFile; fileRef = 065793871523337F00D6762A /* libMUKToolkit.a */; };
		065793BC1523342500D6762A /* MUKToolkit-Prefix.pch in Headers */ = {isa = PBXBuildFile; fileRef = 065793BA1523342500D6762A /* MUKToolkit-Prefix.pch */; };
		065793BD1523342500D6762A /* MUKToolkit.h in Headers */ = {isa = PBXBuildFile; fileRef = 065793BB1523342500D6762A /* MUKToolkit.h */; settings = {ATTRIBUTES = (Public, ); }; };
		065793C71523345400D6762A /* InfoPlist.strings in Resources */ = {isa = PBXBuildFile; fileRef = 065793C21523345400D6762A /* InfoPlist.strings */; };
		065793CD1523360F00D6762A /* MUK.h in Headers */ = {isa = PBXBuildFile; fileRef = 065793CB1523360F00D6762A /* MUK.h */; settings = {ATTRIBUTES = (Public, ); }; };
		065793CE1523360F00D6762A /* MUK.m in Sources */ = {isa = PBXBuildFile; fileRef = 065793CC1523360F00D6762A /* MUK.m */; };
		065793E115233E1000D6762A /* MUK+String.h in Headers */ = {isa = PBXBuildFile; fileRef = 065793DF15233E1000D6762A /* MUK+String.h */; settings = {ATTRIBUTES = (Public, ); }; };
		065793E215233E1000D6762A /* MUK+String.m in Sources */ = {isa = PBXBuildFile; fileRef = 065793E015233E1000D6762A /* MUK+String.m */; };
		065793EE1523431100D6762A /* MUKToolkitBaseTests.m in Sources */ = {isa = PBXBuildFile; fileRef = 065793ED1523431100D6762A /* MUKToolkitBaseTests.m */; };
		065793F11523476B00D6762A /* MUKToolkitStringTests.m in Sources */ = {isa = PBXBuildFile; fileRef = 065793F01523476B00D6762A /* MUKToolkitStringTests.m */; };
		065793F5152466EA00D6762A /* MUK+Date.h in Headers */ = {isa = PBXBuildFile; fileRef = 065793F3152466EA00D6762A /* MUK+Date.h */; settings = {ATTRIBUTES = (Public, ); }; };
		065793F6152466EA00D6762A /* MUK+Date.m in Sources */ = {isa = PBXBuildFile; fileRef = 065793F4152466EA00D6762A /* MUK+Date.m */; };
		065793FA1524674100D6762A /* MUKToolkitDateTests.m in Sources */ = {isa = PBXBuildFile; fileRef = 065793F91524674100D6762A /* MUKToolkitDateTests.m */; };
		065793FE1524EDEA00D6762A /* MUK+Array.h in Headers */ = {isa = PBXBuildFile; fileRef = 065793FC1524EDEA00D6762A /* MUK+Array.h */; settings = {ATTRIBUTES = (Public, ); }; };
		065793FF1524EDEA00D6762A /* MUK+Array.m in Sources */ = {isa = PBXBuildFile; fileRef = 065793FD1524EDEA00D6762A /* MUK+Array.m */; };
		065794031524F0CE00D6762A /* MUKToolkitArrayTests.m in Sources */ = {isa = PBXBuildFile; fileRef = 065794021524F0CE00D6762A /* MUKToolkitArrayTests.m */; };
		06D0F7971529DAC30014FE6B /* MUK+Data.h in Headers */ = {isa = PBXBuildFile; fileRef = 06D0F7951529DAC30014FE6B /* MUK+Data.h */; settings = {ATTRIBUTES = (Public, ); }; };
		06D0F7981529DAC30014FE6B /* MUK+Data.m in Sources */ = {isa = PBXBuildFile; fileRef = 06D0F7961529DAC30014FE6B /* MUK+Data.m */; };
		06D0F79A1529DC050014FE6B /* Security.framework in Frameworks */ = {isa = PBXBuildFile; fileRef = 06D0F7991529DC040014FE6B /* Security.framework */; };
		06D0F79B1529DC0F0014FE6B /* Security.framework in Frameworks */ = {isa = PBXBuildFile; fileRef = 06D0F7991529DC040014FE6B /* Security.framework */; };
		06D0F79F1529DCAE0014FE6B /* MUKToolkitDataTests.m in Sources */ = {isa = PBXBuildFile; fileRef = 06D0F79E1529DCAE0014FE6B /* MUKToolkitDataTests.m */; };
/* End PBXBuildFile section */

/* Begin PBXContainerItemProxy section */
		0657939D1523338000D6762A /* PBXContainerItemProxy */ = {
			isa = PBXContainerItemProxy;
			containerPortal = 0657937E1523337F00D6762A /* Project object */;
			proxyType = 1;
			remoteGlobalIDString = 065793861523337F00D6762A;
			remoteInfo = MUKToolkit;
		};
/* End PBXContainerItemProxy section */

/* Begin PBXFileReference section */
		0610AC951525D9DA00705663 /* MUK+URL.h */ = {isa = PBXFileReference; fileEncoding = 4; lastKnownFileType = sourcecode.c.h; path = "MUK+URL.h"; sourceTree = "<group>"; };
		0610AC961525D9DA00705663 /* MUK+URL.m */ = {isa = PBXFileReference; fileEncoding = 4; lastKnownFileType = sourcecode.c.objc; path = "MUK+URL.m"; sourceTree = "<group>"; };
		0610AD0715261C9D00705663 /* CoreGraphics.framework */ = {isa = PBXFileReference; lastKnownFileType = wrapper.framework; name = CoreGraphics.framework; path = System/Library/Frameworks/CoreGraphics.framework; sourceTree = SDKROOT; };
		0610AD0815261C9D00705663 /* UIKit.framework */ = {isa = PBXFileReference; lastKnownFileType = wrapper.framework; name = UIKit.framework; path = System/Library/Frameworks/UIKit.framework; sourceTree = SDKROOT; };
		0610AD5A1526274500705663 /* MUK+Geometry.h */ = {isa = PBXFileReference; fileEncoding = 4; lastKnownFileType = sourcecode.c.h; path = "MUK+Geometry.h"; sourceTree = "<group>"; };
		0610AD5B1526274500705663 /* MUK+Geometry.m */ = {isa = PBXFileReference; fileEncoding = 4; lastKnownFileType = sourcecode.c.objc; path = "MUK+Geometry.m"; sourceTree = "<group>"; };
		0610AD601526277200705663 /* MUKToolkitGeometryTests.h */ = {isa = PBXFileReference; fileEncoding = 4; lastKnownFileType = sourcecode.c.h; path = MUKToolkitGeometryTests.h; sourceTree = "<group>"; };
		0610AD611526277200705663 /* MUKToolkitGeometryTests.m */ = {isa = PBXFileReference; fileEncoding = 4; lastKnownFileType = sourcecode.c.objc; path = MUKToolkitGeometryTests.m; sourceTree = "<group>"; };
		0610ADAC15263CEB00705663 /* MUK+Object.h */ = {isa = PBXFileReference; fileEncoding = 4; lastKnownFileType = sourcecode.c.h; path = "MUK+Object.h"; sourceTree = "<group>"; };
		0610ADAD15263CEB00705663 /* MUK+Object.m */ = {isa = PBXFileReference; fileEncoding = 4; lastKnownFileType = sourcecode.c.objc; path = "MUK+Object.m"; sourceTree = "<group>"; };
		0610AE361526FC5E00705663 /* arrow.png */ = {isa = PBXFileReference; lastKnownFileType = image.png; path = arrow.png; sourceTree = "<group>"; };
		0610AE371526FC5E00705663 /* arrow@2x.png */ = {isa = PBXFileReference; lastKnownFileType = image.png; path = "arrow@2x.png"; sourceTree = "<group>"; };
		0610AE3A1526FC7600705663 /* MUKToolkitURLTests.h */ = {isa = PBXFileReference; fileEncoding = 4; lastKnownFileType = sourcecode.c.h; path = MUKToolkitURLTests.h; sourceTree = "<group>"; };
		0610AE3B1526FC7600705663 /* MUKToolkitURLTests.m */ = {isa = PBXFileReference; fileEncoding = 4; lastKnownFileType = sourcecode.c.objc; path = MUKToolkitURLTests.m; sourceTree = "<group>"; };
		0610AE3D1526FE5C00705663 /* arrows.png */ = {isa = PBXFileReference; lastKnownFileType = image.png; path = arrows.png; sourceTree = "<group>"; };
		06239FD515B7EADC0073C746 /* MUK+Color.h */ = {isa = PBXFileReference; fileEncoding = 4; lastKnownFileType = sourcecode.c.h; path = "MUK+Color.h"; sourceTree = "<group>"; };
		06239FD615B7EADC0073C746 /* MUK+Color.m */ = {isa = PBXFileReference; fileEncoding = 4; lastKnownFileType = sourcecode.c.objc; path = "MUK+Color.m"; sourceTree = "<group>"; };
		06239FDA15B7F4390073C746 /* MUKToolkitColorTests.h */ = {isa = PBXFileReference; fileEncoding = 4; lastKnownFileType = sourcecode.c.h; path = MUKToolkitColorTests.h; sourceTree = "<group>"; };
		06239FDB15B7F4390073C746 /* MUKToolkitColorTests.m */ = {isa = PBXFileReference; fileEncoding = 4; lastKnownFileType = sourcecode.c.objc; path = MUKToolkitColorTests.m; sourceTree = "<group>"; };
		065793871523337F00D6762A /* libMUKToolkit.a */ = {isa = PBXFileReference; explicitFileType = archive.ar; includeInIndex = 0; path = libMUKToolkit.a; sourceTree = BUILT_PRODUCTS_DIR; };
		0657938A1523337F00D6762A /* Foundation.framework */ = {isa = PBXFileReference; lastKnownFileType = wrapper.framework; name = Foundation.framework; path = System/Library/Frameworks/Foundation.framework; sourceTree = SDKROOT; };
		065793971523337F00D6762A /* MUKToolkitTests.octest */ = {isa = PBXFileReference; explicitFileType = wrapper.cfbundle; includeInIndex = 0; path = MUKToolkitTests.octest; sourceTree = BUILT_PRODUCTS_DIR; };
		065793981523337F00D6762A /* SenTestingKit.framework */ = {isa = PBXFileReference; lastKnownFileType = wrapper.framework; name = SenTestingKit.framework; path = Library/Frameworks/SenTestingKit.framework; sourceTree = DEVELOPER_DIR; };
		0657939A1523337F00D6762A /* UIKit.framework */ = {isa = PBXFileReference; lastKnownFileType = wrapper.framework; name = UIKit.framework; path = Library/Frameworks/UIKit.framework; sourceTree = DEVELOPER_DIR; };
		065793B81523340200D6762A /* LICENSE */ = {isa = PBXFileReference; lastKnownFileType = text; path = LICENSE; sourceTree = "<group>"; };
		065793BA1523342500D6762A /* MUKToolkit-Prefix.pch */ = {isa = PBXFileReference; fileEncoding = 4; lastKnownFileType = sourcecode.c.h; name = "MUKToolkit-Prefix.pch"; path = "MUKToolkit/MUKToolkit-Prefix.pch"; sourceTree = "<group>"; };
		065793BB1523342500D6762A /* MUKToolkit.h */ = {isa = PBXFileReference; fileEncoding = 4; lastKnownFileType = sourcecode.c.h; name = MUKToolkit.h; path = MUKToolkit/MUKToolkit.h; sourceTree = "<group>"; };
		065793C31523345400D6762A /* en */ = {isa = PBXFileReference; lastKnownFileType = text.plist.strings; name = en; path = en.lproj/InfoPlist.strings; sourceTree = "<group>"; };
		065793C41523345400D6762A /* MUKToolkitTests-Info.plist */ = {isa = PBXFileReference; fileEncoding = 4; lastKnownFileType = text.plist.xml; path = "MUKToolkitTests-Info.plist"; sourceTree = "<group>"; };
		065793CB1523360F00D6762A /* MUK.h */ = {isa = PBXFileReference; fileEncoding = 4; lastKnownFileType = sourcecode.c.h; path = MUK.h; sourceTree = "<group>"; };
		065793CC1523360F00D6762A /* MUK.m */ = {isa = PBXFileReference; fileEncoding = 4; lastKnownFileType = sourcecode.c.objc; path = MUK.m; sourceTree = "<group>"; };
		065793DF15233E1000D6762A /* MUK+String.h */ = {isa = PBXFileReference; fileEncoding = 4; lastKnownFileType = sourcecode.c.h; path = "MUK+String.h"; sourceTree = "<group>"; };
		065793E015233E1000D6762A /* MUK+String.m */ = {isa = PBXFileReference; fileEncoding = 4; lastKnownFileType = sourcecode.c.objc; path = "MUK+String.m"; sourceTree = "<group>"; };
		065793EC1523431100D6762A /* MUKToolkitBaseTests.h */ = {isa = PBXFileReference; fileEncoding = 4; lastKnownFileType = sourcecode.c.h; path = MUKToolkitBaseTests.h; sourceTree = "<group>"; };
		065793ED1523431100D6762A /* MUKToolkitBaseTests.m */ = {isa = PBXFileReference; fileEncoding = 4; lastKnownFileType = sourcecode.c.objc; path = MUKToolkitBaseTests.m; sourceTree = "<group>"; };
		065793EF1523476B00D6762A /* MUKToolkitStringTests.h */ = {isa = PBXFileReference; fileEncoding = 4; lastKnownFileType = sourcecode.c.h; path = MUKToolkitStringTests.h; sourceTree = "<group>"; };
		065793F01523476B00D6762A /* MUKToolkitStringTests.m */ = {isa = PBXFileReference; fileEncoding = 4; lastKnownFileType = sourcecode.c.objc; path = MUKToolkitStringTests.m; sourceTree = "<group>"; };
		065793F3152466EA00D6762A /* MUK+Date.h */ = {isa = PBXFileReference; fileEncoding = 4; lastKnownFileType = sourcecode.c.h; path = "MUK+Date.h"; sourceTree = "<group>"; };
		065793F4152466EA00D6762A /* MUK+Date.m */ = {isa = PBXFileReference; fileEncoding = 4; lastKnownFileType = sourcecode.c.objc; path = "MUK+Date.m"; sourceTree = "<group>"; };
		065793F81524674100D6762A /* MUKToolkitDateTests.h */ = {isa = PBXFileReference; fileEncoding = 4; lastKnownFileType = sourcecode.c.h; path = MUKToolkitDateTests.h; sourceTree = "<group>"; };
		065793F91524674100D6762A /* MUKToolkitDateTests.m */ = {isa = PBXFileReference; fileEncoding = 4; lastKnownFileType = sourcecode.c.objc; path = MUKToolkitDateTests.m; sourceTree = "<group>"; };
		065793FC1524EDEA00D6762A /* MUK+Array.h */ = {isa = PBXFileReference; fileEncoding = 4; lastKnownFileType = sourcecode.c.h; path = "MUK+Array.h"; sourceTree = "<group>"; };
		065793FD1524EDEA00D6762A /* MUK+Array.m */ = {isa = PBXFileReference; fileEncoding = 4; lastKnownFileType = sourcecode.c.objc; path = "MUK+Array.m"; sourceTree = "<group>"; };
		065794011524F0CE00D6762A /* MUKToolkitArrayTests.h */ = {isa = PBXFileReference; fileEncoding = 4; lastKnownFileType = sourcecode.c.h; path = MUKToolkitArrayTests.h; sourceTree = "<group>"; };
		065794021524F0CE00D6762A /* MUKToolkitArrayTests.m */ = {isa = PBXFileReference; fileEncoding = 4; lastKnownFileType = sourcecode.c.objc; path = MUKToolkitArrayTests.m; sourceTree = "<group>"; };
		06D0F7951529DAC30014FE6B /* MUK+Data.h */ = {isa = PBXFileReference; fileEncoding = 4; lastKnownFileType = sourcecode.c.h; path = "MUK+Data.h"; sourceTree = "<group>"; };
		06D0F7961529DAC30014FE6B /* MUK+Data.m */ = {isa = PBXFileReference; fileEncoding = 4; lastKnownFileType = sourcecode.c.objc; path = "MUK+Data.m"; sourceTree = "<group>"; };
		06D0F7991529DC040014FE6B /* Security.framework */ = {isa = PBXFileReference; lastKnownFileType = wrapper.framework; name = Security.framework; path = System/Library/Frameworks/Security.framework; sourceTree = SDKROOT; };
		06D0F79D1529DCAE0014FE6B /* MUKToolkitDataTests.h */ = {isa = PBXFileReference; fileEncoding = 4; lastKnownFileType = sourcecode.c.h; path = MUKToolkitDataTests.h; sourceTree = "<group>"; };
		06D0F79E1529DCAE0014FE6B /* MUKToolkitDataTests.m */ = {isa = PBXFileReference; fileEncoding = 4; lastKnownFileType = sourcecode.c.objc; path = MUKToolkitDataTests.m; sourceTree = "<group>"; };
/* End PBXFileReference section */

/* Begin PBXFrameworksBuildPhase section */
		065793841523337F00D6762A /* Frameworks */ = {
			isa = PBXFrameworksBuildPhase;
			buildActionMask = 2147483647;
			files = (
				06D0F79A1529DC050014FE6B /* Security.framework in Frameworks */,
				0610AD0915261C9D00705663 /* CoreGraphics.framework in Frameworks */,
				0610AD0A15261C9D00705663 /* UIKit.framework in Frameworks */,
				0657938B1523337F00D6762A /* Foundation.framework in Frameworks */,
			);
			runOnlyForDeploymentPostprocessing = 0;
		};
		065793931523337F00D6762A /* Frameworks */ = {
			isa = PBXFrameworksBuildPhase;
			buildActionMask = 2147483647;
			files = (
				06D0F79B1529DC0F0014FE6B /* Security.framework in Frameworks */,
				065793991523337F00D6762A /* SenTestingKit.framework in Frameworks */,
				0610AD0C15261CA700705663 /* CoreGraphics.framework in Frameworks */,
				0657939B1523337F00D6762A /* UIKit.framework in Frameworks */,
				0657939C1523338000D6762A /* Foundation.framework in Frameworks */,
				0657939F1523338000D6762A /* libMUKToolkit.a in Frameworks */,
			);
			runOnlyForDeploymentPostprocessing = 0;
		};
/* End PBXFrameworksBuildPhase section */

/* Begin PBXGroup section */
		0610AC931525D9C500705663 /* URL */ = {
			isa = PBXGroup;
			children = (
				0610AC951525D9DA00705663 /* MUK+URL.h */,
				0610AC961525D9DA00705663 /* MUK+URL.m */,
			);
			path = URL;
			sourceTree = "<group>";
		};
		0610AD591526274500705663 /* Geometry */ = {
			isa = PBXGroup;
			children = (
				0610AD5A1526274500705663 /* MUK+Geometry.h */,
				0610AD5B1526274500705663 /* MUK+Geometry.m */,
			);
			path = Geometry;
			sourceTree = "<group>";
		};
		0610AD5F1526277200705663 /* Geometry */ = {
			isa = PBXGroup;
			children = (
				0610AD601526277200705663 /* MUKToolkitGeometryTests.h */,
				0610AD611526277200705663 /* MUKToolkitGeometryTests.m */,
			);
			path = Geometry;
			sourceTree = "<group>";
		};
		0610ADAA15263CD900705663 /* Object */ = {
			isa = PBXGroup;
			children = (
				0610ADAC15263CEB00705663 /* MUK+Object.h */,
				0610ADAD15263CEB00705663 /* MUK+Object.m */,
			);
			path = Object;
			sourceTree = "<group>";
		};
		0610AE341526FBF800705663 /* URL */ = {
			isa = PBXGroup;
			children = (
				0610AE351526FC5E00705663 /* Images */,
				0610AE3A1526FC7600705663 /* MUKToolkitURLTests.h */,
				0610AE3B1526FC7600705663 /* MUKToolkitURLTests.m */,
			);
			path = URL;
			sourceTree = "<group>";
		};
		0610AE351526FC5E00705663 /* Images */ = {
			isa = PBXGroup;
			children = (
				0610AE3D1526FE5C00705663 /* arrows.png */,
				0610AE361526FC5E00705663 /* arrow.png */,
				0610AE371526FC5E00705663 /* arrow@2x.png */,
			);
			path = Images;
			sourceTree = "<group>";
		};
		06239FD315B7EABF0073C746 /* Color */ = {
			isa = PBXGroup;
			children = (
				06239FD515B7EADC0073C746 /* MUK+Color.h */,
				06239FD615B7EADC0073C746 /* MUK+Color.m */,
			);
			path = Color;
			sourceTree = "<group>";
		};
		06239FD915B7F41B0073C746 /* Color */ = {
			isa = PBXGroup;
			children = (
				06239FDA15B7F4390073C746 /* MUKToolkitColorTests.h */,
				06239FDB15B7F4390073C746 /* MUKToolkitColorTests.m */,
			);
			path = Color;
			sourceTree = "<group>";
		};
		0657937C1523337F00D6762A = {
			isa = PBXGroup;
			children = (
				065793B81523340200D6762A /* LICENSE */,
				065793BA1523342500D6762A /* MUKToolkit-Prefix.pch */,
				065793BB1523342500D6762A /* MUKToolkit.h */,
				065793B91523342500D6762A /* Classes */,
				065793C11523345400D6762A /* Unit Tests */,
				065793891523337F00D6762A /* Frameworks */,
				065793881523337F00D6762A /* Products */,
			);
			sourceTree = "<group>";
		};
		065793881523337F00D6762A /* Products */ = {
			isa = PBXGroup;
			children = (
				065793871523337F00D6762A /* libMUKToolkit.a */,
				065793971523337F00D6762A /* MUKToolkitTests.octest */,
			);
			name = Products;
			sourceTree = "<group>";
		};
		065793891523337F00D6762A /* Frameworks */ = {
			isa = PBXGroup;
			children = (
				06D0F7991529DC040014FE6B /* Security.framework */,
				0610AD0715261C9D00705663 /* CoreGraphics.framework */,
				0610AD0815261C9D00705663 /* UIKit.framework */,
				0657938A1523337F00D6762A /* Foundation.framework */,
				065793981523337F00D6762A /* SenTestingKit.framework */,
				0657939A1523337F00D6762A /* UIKit.framework */,
			);
			name = Frameworks;
			sourceTree = "<group>";
		};
		065793B91523342500D6762A /* Classes */ = {
			isa = PBXGroup;
			children = (
				065793FB1524EDD300D6762A /* Array */,
				065793CA152335D400D6762A /* Base */,
				06239FD315B7EABF0073C746 /* Color */,
				06D0F7941529DAAE0014FE6B /* Data */,
				065793F2152466DD00D6762A /* Date */,
				0610AD591526274500705663 /* Geometry */,
				0610ADAA15263CD900705663 /* Object */,
				065793DE15233DFA00D6762A /* String */,
				0610AC931525D9C500705663 /* URL */,
			);
			name = Classes;
			path = MUKToolkit/Classes;
			sourceTree = "<group>";
		};
		065793C11523345400D6762A /* Unit Tests */ = {
			isa = PBXGroup;
			children = (
				065794001524F0B800D6762A /* Array */,
				065793EB1523431100D6762A /* Base */,
				06239FD915B7F41B0073C746 /* Color */,
				06D0F79C1529DC960014FE6B /* Data */,
				065793F71524672C00D6762A /* Date */,
				0610AD5F1526277200705663 /* Geometry */,
				065793E4152342A800D6762A /* String */,
				0610AE341526FBF800705663 /* URL */,
				065793C21523345400D6762A /* InfoPlist.strings */,
				065793C41523345400D6762A /* MUKToolkitTests-Info.plist */,
			);
			name = "Unit Tests";
			path = "MUKToolkit/Unit Tests";
			sourceTree = "<group>";
		};
		065793CA152335D400D6762A /* Base */ = {
			isa = PBXGroup;
			children = (
				065793CB1523360F00D6762A /* MUK.h */,
				065793CC1523360F00D6762A /* MUK.m */,
			);
			path = Base;
			sourceTree = "<group>";
		};
		065793DE15233DFA00D6762A /* String */ = {
			isa = PBXGroup;
			children = (
				065793DF15233E1000D6762A /* MUK+String.h */,
				065793E015233E1000D6762A /* MUK+String.m */,
			);
			path = String;
			sourceTree = "<group>";
		};
		065793E4152342A800D6762A /* String */ = {
			isa = PBXGroup;
			children = (
				065793EF1523476B00D6762A /* MUKToolkitStringTests.h */,
				065793F01523476B00D6762A /* MUKToolkitStringTests.m */,
			);
			path = String;
			sourceTree = "<group>";
		};
		065793EB1523431100D6762A /* Base */ = {
			isa = PBXGroup;
			children = (
				065793EC1523431100D6762A /* MUKToolkitBaseTests.h */,
				065793ED1523431100D6762A /* MUKToolkitBaseTests.m */,
			);
			path = Base;
			sourceTree = "<group>";
		};
		065793F2152466DD00D6762A /* Date */ = {
			isa = PBXGroup;
			children = (
				065793F3152466EA00D6762A /* MUK+Date.h */,
				065793F4152466EA00D6762A /* MUK+Date.m */,
			);
			path = Date;
			sourceTree = "<group>";
		};
		065793F71524672C00D6762A /* Date */ = {
			isa = PBXGroup;
			children = (
				065793F81524674100D6762A /* MUKToolkitDateTests.h */,
				065793F91524674100D6762A /* MUKToolkitDateTests.m */,
			);
			path = Date;
			sourceTree = "<group>";
		};
		065793FB1524EDD300D6762A /* Array */ = {
			isa = PBXGroup;
			children = (
				065793FC1524EDEA00D6762A /* MUK+Array.h */,
				065793FD1524EDEA00D6762A /* MUK+Array.m */,
			);
			path = Array;
			sourceTree = "<group>";
		};
		065794001524F0B800D6762A /* Array */ = {
			isa = PBXGroup;
			children = (
				065794011524F0CE00D6762A /* MUKToolkitArrayTests.h */,
				065794021524F0CE00D6762A /* MUKToolkitArrayTests.m */,
			);
			path = Array;
			sourceTree = "<group>";
		};
		06D0F7941529DAAE0014FE6B /* Data */ = {
			isa = PBXGroup;
			children = (
				06D0F7951529DAC30014FE6B /* MUK+Data.h */,
				06D0F7961529DAC30014FE6B /* MUK+Data.m */,
			);
			path = Data;
			sourceTree = "<group>";
		};
		06D0F79C1529DC960014FE6B /* Data */ = {
			isa = PBXGroup;
			children = (
				06D0F79D1529DCAE0014FE6B /* MUKToolkitDataTests.h */,
				06D0F79E1529DCAE0014FE6B /* MUKToolkitDataTests.m */,
			);
			path = Data;
			sourceTree = "<group>";
		};
/* End PBXGroup section */

/* Begin PBXHeadersBuildPhase section */
		065793851523337F00D6762A /* Headers */ = {
			isa = PBXHeadersBuildPhase;
			buildActionMask = 2147483647;
			files = (
				065793BC1523342500D6762A /* MUKToolkit-Prefix.pch in Headers */,
				065793BD1523342500D6762A /* MUKToolkit.h in Headers */,
				065793CD1523360F00D6762A /* MUK.h in Headers */,
				065793E115233E1000D6762A /* MUK+String.h in Headers */,
				065793F5152466EA00D6762A /* MUK+Date.h in Headers */,
				065793FE1524EDEA00D6762A /* MUK+Array.h in Headers */,
				0610AC971525D9DA00705663 /* MUK+URL.h in Headers */,
				0610AD5C1526274500705663 /* MUK+Geometry.h in Headers */,
				06239FD715B7EADC0073C746 /* MUK+Color.h in Headers */,
				0610ADAE15263CEB00705663 /* MUK+Object.h in Headers */,
				06D0F7971529DAC30014FE6B /* MUK+Data.h in Headers */,
			);
			runOnlyForDeploymentPostprocessing = 0;
		};
/* End PBXHeadersBuildPhase section */

/* Begin PBXNativeTarget section */
		065793861523337F00D6762A /* MUKToolkit */ = {
			isa = PBXNativeTarget;
			buildConfigurationList = 065793AB1523338000D6762A /* Build configuration list for PBXNativeTarget "MUKToolkit" */;
			buildPhases = (
				065793831523337F00D6762A /* Sources */,
				065793841523337F00D6762A /* Frameworks */,
				065793851523337F00D6762A /* Headers */,
				0610ACE01525DEEB00705663 /* Prepare Framework */,
			);
			buildRules = (
			);
			dependencies = (
			);
			name = MUKToolkit;
			productName = MUKToolkit;
			productReference = 065793871523337F00D6762A /* libMUKToolkit.a */;
			productType = "com.apple.product-type.library.static";
		};
		065793961523337F00D6762A /* MUKToolkitTests */ = {
			isa = PBXNativeTarget;
			buildConfigurationList = 065793AE1523338000D6762A /* Build configuration list for PBXNativeTarget "MUKToolkitTests" */;
			buildPhases = (
				065793921523337F00D6762A /* Sources */,
				065793931523337F00D6762A /* Frameworks */,
				065793941523337F00D6762A /* Resources */,
				065793951523337F00D6762A /* ShellScript */,
			);
			buildRules = (
			);
			dependencies = (
				0657939E1523338000D6762A /* PBXTargetDependency */,
			);
			name = MUKToolkitTests;
			productName = MUKToolkitTests;
			productReference = 065793971523337F00D6762A /* MUKToolkitTests.octest */;
			productType = "com.apple.product-type.bundle";
		};
/* End PBXNativeTarget section */

/* Begin PBXProject section */
		0657937E1523337F00D6762A /* Project object */ = {
			isa = PBXProject;
			attributes = {
				LastUpgradeCheck = 0430;
			};
			buildConfigurationList = 065793811523337F00D6762A /* Build configuration list for PBXProject "MUKToolkit" */;
			compatibilityVersion = "Xcode 3.2";
			developmentRegion = English;
			hasScannedForEncodings = 0;
			knownRegions = (
				en,
			);
			mainGroup = 0657937C1523337F00D6762A;
			productRefGroup = 065793881523337F00D6762A /* Products */;
			projectDirPath = "";
			projectRoot = "";
			targets = (
				065793861523337F00D6762A /* MUKToolkit */,
				065793961523337F00D6762A /* MUKToolkitTests */,
				065793D515233DB000D6762A /* MUKToolkitDocumentation */,
			);
		};
/* End PBXProject section */

/* Begin PBXResourcesBuildPhase section */
		065793941523337F00D6762A /* Resources */ = {
			isa = PBXResourcesBuildPhase;
			buildActionMask = 2147483647;
			files = (
				065793C71523345400D6762A /* InfoPlist.strings in Resources */,
				0610AE381526FC5E00705663 /* arrow.png in Resources */,
				0610AE391526FC5E00705663 /* arrow@2x.png in Resources */,
				0610AE3E1526FE5C00705663 /* arrows.png in Resources */,
			);
			runOnlyForDeploymentPostprocessing = 0;
		};
/* End PBXResourcesBuildPhase section */

/* Begin PBXShellScriptBuildPhase section */
		0610ACE01525DEEB00705663 /* Prepare Framework */ = {
			isa = PBXShellScriptBuildPhase;
			buildActionMask = 2147483647;
			files = (
			);
			inputPaths = (
			);
			name = "Prepare Framework";
			outputPaths = (
			);
			runOnlyForDeploymentPostprocessing = 0;
			shellPath = /bin/sh;
			shellScript = "set -e\n\nmkdir -p \"${BUILT_PRODUCTS_DIR}/${PRODUCT_NAME}.framework/Versions/A/Headers\"\n\n# Link the \"Current\" version to \"A\"\n/bin/ln -sfh A \"${BUILT_PRODUCTS_DIR}/${PRODUCT_NAME}.framework/Versions/Current\"\n/bin/ln -sfh Versions/Current/Headers \"${BUILT_PRODUCTS_DIR}/${PRODUCT_NAME}.framework/Headers\"\n/bin/ln -sfh \"Versions/Current/${PRODUCT_NAME}\" \"${BUILT_PRODUCTS_DIR}/${PRODUCT_NAME}.framework/${PRODUCT_NAME}\"\n\n# The -a ensures that the headers maintain the source modification date so that we don't constantly\n# cause propagating rebuilds of files that import these headers.\n/bin/cp -a \"${TARGET_BUILD_DIR}/${PUBLIC_HEADERS_FOLDER_PATH}/\" \"${BUILT_PRODUCTS_DIR}/${PRODUCT_NAME}.framework/Versions/A/Headers\"";
		};
		065793951523337F00D6762A /* ShellScript */ = {
			isa = PBXShellScriptBuildPhase;
			buildActionMask = 2147483647;
			files = (
			);
			inputPaths = (
			);
			outputPaths = (
			);
			runOnlyForDeploymentPostprocessing = 0;
			shellPath = /bin/sh;
			shellScript = "# Run the unit tests in this test bundle.\n\"${SYSTEM_DEVELOPER_DIR}/Tools/RunUnitTests\"\n";
		};
		065793DD15233DC100D6762A /* ShellScript */ = {
			isa = PBXShellScriptBuildPhase;
			buildActionMask = 2147483647;
			files = (
			);
			inputPaths = (
			);
			outputPaths = (
			);
			runOnlyForDeploymentPostprocessing = 0;
			shellPath = /bin/sh;
			shellScript = "/usr/local/bin/appledoc \\\n--project-name \"MUKToolkit\" \\\n--project-company \"MeLive\" \\\n--company-id \"it.melive\" \\\n--output \"Documentation\" \\\n--logformat xcode \\\n--keep-undocumented-objects \\\n--keep-undocumented-members \\\n--no-repeat-first-par \\\n--no-warn-invalid-crossref \\\n--no-merge-categories \\\n--ignore \"*.m\" \\\n--ignore \"Unit Tests\" \\\n--ignore \"Example\" \\\n--exit-threshold 2 \\\n\"${PROJECT_DIR}\"";
		};
/* End PBXShellScriptBuildPhase section */

/* Begin PBXSourcesBuildPhase section */
		065793831523337F00D6762A /* Sources */ = {
			isa = PBXSourcesBuildPhase;
			buildActionMask = 2147483647;
			files = (
				065793CE1523360F00D6762A /* MUK.m in Sources */,
				065793E215233E1000D6762A /* MUK+String.m in Sources */,
				065793F6152466EA00D6762A /* MUK+Date.m in Sources */,
				065793FF1524EDEA00D6762A /* MUK+Array.m in Sources */,
				0610AC981525D9DA00705663 /* MUK+URL.m in Sources */,
				0610AD5D1526274500705663 /* MUK+Geometry.m in Sources */,
				0610ADAF15263CEB00705663 /* MUK+Object.m in Sources */,
				06D0F7981529DAC30014FE6B /* MUK+Data.m in Sources */,
				06239FD815B7EADC0073C746 /* MUK+Color.m in Sources */,
			);
			runOnlyForDeploymentPostprocessing = 0;
		};
		065793921523337F00D6762A /* Sources */ = {
			isa = PBXSourcesBuildPhase;
			buildActionMask = 2147483647;
			files = (
				065793EE1523431100D6762A /* MUKToolkitBaseTests.m in Sources */,
				065793F11523476B00D6762A /* MUKToolkitStringTests.m in Sources */,
				065793FA1524674100D6762A /* MUKToolkitDateTests.m in Sources */,
				065794031524F0CE00D6762A /* MUKToolkitArrayTests.m in Sources */,
				0610AD621526277200705663 /* MUKToolkitGeometryTests.m in Sources */,
				0610AE3C1526FC7600705663 /* MUKToolkitURLTests.m in Sources */,
				06D0F79F1529DCAE0014FE6B /* MUKToolkitDataTests.m in Sources */,
				06239FDC15B7F4390073C746 /* MUKToolkitColorTests.m in Sources */,
			);
			runOnlyForDeploymentPostprocessing = 0;
		};
/* End PBXSourcesBuildPhase section */

/* Begin PBXTargetDependency section */
		0657939E1523338000D6762A /* PBXTargetDependency */ = {
			isa = PBXTargetDependency;
			target = 065793861523337F00D6762A /* MUKToolkit */;
			targetProxy = 0657939D1523338000D6762A /* PBXContainerItemProxy */;
		};
/* End PBXTargetDependency section */

/* Begin PBXVariantGroup section */
		065793C21523345400D6762A /* InfoPlist.strings */ = {
			isa = PBXVariantGroup;
			children = (
				065793C31523345400D6762A /* en */,
			);
			name = InfoPlist.strings;
			sourceTree = "<group>";
		};
/* End PBXVariantGroup section */

/* Begin XCBuildConfiguration section */
		065793A91523338000D6762A /* Debug */ = {
			isa = XCBuildConfiguration;
			buildSettings = {
				ALWAYS_SEARCH_USER_PATHS = NO;
				CLANG_ENABLE_OBJC_ARC = YES;
				COPY_PHASE_STRIP = NO;
				DEAD_CODE_STRIPPING = NO;
				GCC_C_LANGUAGE_STANDARD = gnu99;
				GCC_DYNAMIC_NO_PIC = NO;
				GCC_OPTIMIZATION_LEVEL = 0;
				GCC_PREPROCESSOR_DEFINITIONS = (
					"DEBUG=1",
					"$(inherited)",
				);
				GCC_SYMBOLS_PRIVATE_EXTERN = NO;
				GCC_THUMB_SUPPORT = NO;
				GCC_WARN_ABOUT_RETURN_TYPE = YES;
				GCC_WARN_UNINITIALIZED_AUTOS = YES;
				GCC_WARN_UNUSED_VARIABLE = YES;
				IPHONEOS_DEPLOYMENT_TARGET = 4.3;
				PUBLIC_HEADERS_FOLDER_PATH = "$(PROJECT_NAME)Headers";
				SDKROOT = iphoneos;
				STRIP_STYLE = "non-global";
				TARGETED_DEVICE_FAMILY = "1,2";
			};
			name = Debug;
		};
		065793AA1523338000D6762A /* Release */ = {
			isa = XCBuildConfiguration;
			buildSettings = {
				ALWAYS_SEARCH_USER_PATHS = NO;
				CLANG_ENABLE_OBJC_ARC = YES;
				COPY_PHASE_STRIP = NO;
				DEAD_CODE_STRIPPING = NO;
				GCC_C_LANGUAGE_STANDARD = gnu99;
				GCC_THUMB_SUPPORT = NO;
				GCC_WARN_ABOUT_RETURN_TYPE = YES;
				GCC_WARN_UNINITIALIZED_AUTOS = YES;
				GCC_WARN_UNUSED_VARIABLE = YES;
				IPHONEOS_DEPLOYMENT_TARGET = 4.3;
				PUBLIC_HEADERS_FOLDER_PATH = "$(PROJECT_NAME)Headers";
				SDKROOT = iphoneos;
				STRIP_STYLE = "non-global";
				TARGETED_DEVICE_FAMILY = "1,2";
				VALIDATE_PRODUCT = YES;
			};
			name = Release;
		};
		065793AC1523338000D6762A /* Debug */ = {
			isa = XCBuildConfiguration;
			buildSettings = {
				DSTROOT = /tmp/MUKToolkit.dst;
				GCC_PRECOMPILE_PREFIX_HEADER = YES;
				GCC_PREFIX_HEADER = "MUKToolkit/MUKToolkit-Prefix.pch";
				GCC_THUMB_SUPPORT = NO;
				LIBRARY_SEARCH_PATHS = (
					"$(inherited)",
					"\"$(SDKROOT)/usr/lib/system\"",
				);
				OTHER_LDFLAGS = "-ObjC";
				PRODUCT_NAME = "$(TARGET_NAME)";
				SKIP_INSTALL = YES;
			};
			name = Debug;
		};
		065793AD1523338000D6762A /* Release */ = {
			isa = XCBuildConfiguration;
			buildSettings = {
				DSTROOT = /tmp/MUKToolkit.dst;
				GCC_PRECOMPILE_PREFIX_HEADER = YES;
				GCC_PREFIX_HEADER = "MUKToolkit/MUKToolkit-Prefix.pch";
				GCC_THUMB_SUPPORT = NO;
				LIBRARY_SEARCH_PATHS = (
					"$(inherited)",
					"\"$(SDKROOT)/usr/lib/system\"",
				);
				OTHER_LDFLAGS = "-ObjC";
				PRODUCT_NAME = "$(TARGET_NAME)";
				SKIP_INSTALL = YES;
			};
			name = Release;
		};
		065793AF1523338000D6762A /* Debug */ = {
			isa = XCBuildConfiguration;
			buildSettings = {
				FRAMEWORK_SEARCH_PATHS = (
					"$(SDKROOT)/Developer/Library/Frameworks",
					"$(DEVELOPER_LIBRARY_DIR)/Frameworks",
				);
				GCC_PRECOMPILE_PREFIX_HEADER = YES;
				GCC_PREFIX_HEADER = "MUKToolkit/MUKToolkit-Prefix.pch";
				GCC_THUMB_SUPPORT = NO;
				INFOPLIST_FILE = "MUKToolkit/Unit Tests/MUKToolkitTests-Info.plist";
				OTHER_LDFLAGS = "-ObjC";
				PRODUCT_NAME = "$(TARGET_NAME)";
				WRAPPER_EXTENSION = octest;
			};
			name = Debug;
		};
		065793B01523338000D6762A /* Release */ = {
			isa = XCBuildConfiguration;
			buildSettings = {
				FRAMEWORK_SEARCH_PATHS = (
					"$(SDKROOT)/Developer/Library/Frameworks",
					"$(DEVELOPER_LIBRARY_DIR)/Frameworks",
				);
				GCC_PRECOMPILE_PREFIX_HEADER = YES;
				GCC_PREFIX_HEADER = "MUKToolkit/MUKToolkit-Prefix.pch";
				GCC_THUMB_SUPPORT = NO;
				INFOPLIST_FILE = "MUKToolkit/Unit Tests/MUKToolkitTests-Info.plist";
				OTHER_LDFLAGS = "-ObjC";
				PRODUCT_NAME = "$(TARGET_NAME)";
				WRAPPER_EXTENSION = octest;
			};
			name = Release;
		};
		065793D615233DB000D6762A /* Debug */ = {
			isa = XCBuildConfiguration;
			buildSettings = {
				GCC_THUMB_SUPPORT = NO;
				PRODUCT_NAME = "$(TARGET_NAME)";
			};
			name = Debug;
		};
		065793D715233DB000D6762A /* Release */ = {
			isa = XCBuildConfiguration;
			buildSettings = {
				GCC_THUMB_SUPPORT = NO;
				PRODUCT_NAME = "$(TARGET_NAME)";
			};
			name = Release;
		};
/* End XCBuildConfiguration section */

/* Begin XCConfigurationList section */
		065793811523337F00D6762A /* Build configuration list for PBXProject "MUKToolkit" */ = {
			isa = XCConfigurationList;
			buildConfigurations = (
				065793A91523338000D6762A /* Debug */,
				065793AA1523338000D6762A /* Release */,
			);
			defaultConfigurationIsVisible = 0;
			defaultConfigurationName = Release;
		};
		065793AB1523338000D6762A /* Build configuration list for PBXNativeTarget "MUKToolkit" */ = {
			isa = XCConfigurationList;
			buildConfigurations = (
				065793AC1523338000D6762A /* Debug */,
				065793AD1523338000D6762A /* Release */,
			);
			defaultConfigurationIsVisible = 0;
			defaultConfigurationName = Release;
		};
		065793AE1523338000D6762A /* Build configuration list for PBXNativeTarget "MUKToolkitTests" */ = {
			isa = XCConfigurationList;
			buildConfigurations = (
				065793AF1523338000D6762A /* Debug */,
				065793B01523338000D6762A /* Release */,
			);
			defaultConfigurationIsVisible = 0;
			defaultConfigurationName = Release;
		};
		065793D815233DB000D6762A /* Build configuration list for PBXAggregateTarget "MUKToolkitDocumentation" */ = {
			isa = XCConfigurationList;
			buildConfigurations = (
				065793D615233DB000D6762A /* Debug */,
				065793D715233DB000D6762A /* Release */,
			);
			defaultConfigurationIsVisible = 0;
			defaultConfigurationName = Release;
		};
/* End XCConfigurationList section */
	};
	rootObject = 0657937E1523337F00D6762A /* Project object */;
}
